
Microsoft Visual Studio Solution File, Format Version 12.00
# Visual Studio Version 17
VisualStudioVersion = 17.3.32922.545
MinimumVisualStudioVersion = 10.0.40219.1
Project("{FAE04EC0-301F-11D3-BF4B-00C04F79EFBC}") = "StockManagementSystem.API", "StockManagementSystem.API\StockManagementSystem.API.csproj", "{8CBF4740-0596-4093-A1A9-3192F1A9EB99}"
EndProject
Global
	GlobalSection(SolutionConfigurationPlatforms) = preSolution
		Debug|Any CPU = Debug|Any CPU
		Release|Any CPU = Release|Any CPU
	EndGlobalSection
	GlobalSection(ProjectConfigurationPlatforms) = postSolution
		{8CBF4740-0596-4093-A1A9-3192F1A9EB99}.Debug|Any CPU.ActiveCfg = Debug|Any CPU
		{8CBF4740-0596-4093-A1A9-3192F1A9EB99}.Debug|Any CPU.Build.0 = Debug|Any CPU
		{8CBF4740-0596-4093-A1A9-3192F1A9EB99}.Release|Any CPU.ActiveCfg = Release|Any CPU
		{8CBF4740-0596-4093-A1A9-3192F1A9EB99}.Release|Any CPU.Build.0 = Release|Any CPU
	EndGlobalSection
	GlobalSection(SolutionProperties) = preSolution
		HideSolutionNode = FALSE
	EndGlobalSection
	GlobalSection(ExtensibilityGlobals) = postSolution
		SolutionGuid = {4011B704-800B-49F4-84DE-62A3816F5962}
	EndGlobalSection
EndGlobal
